
Microsoft Visual Studio Solution File, Format Version 12.00
# Visual Studio Version 17
VisualStudioVersion = 17.3.32929.385
MinimumVisualStudioVersion = 10.0.40219.1
Project("{FAE04EC0-301F-11D3-BF4B-00C04F79EFBC}") = "Blood Bank Management System", "Blood Bank Management System\Blood Bank Management System.csproj", "{549B7AE0-62CF-4577-83CD-5990F7B7325E}"
EndProject
Global
	GlobalSection(SolutionConfigurationPlatforms) = preSolution
		Debug|Any CPU = Debug|Any CPU
		Release|Any CPU = Release|Any CPU
	EndGlobalSection
	GlobalSection(ProjectConfigurationPlatforms) = postSolution
		{549B7AE0-62CF-4577-83CD-5990F7B7325E}.Debug|Any CPU.ActiveCfg = Debug|Any CPU
		{549B7AE0-62CF-4577-83CD-5990F7B7325E}.Debug|Any CPU.Build.0 = Debug|Any CPU
		{549B7AE0-62CF-4577-83CD-5990F7B7325E}.Release|Any CPU.ActiveCfg = Release|Any CPU
		{549B7AE0-62CF-4577-83CD-5990F7B7325E}.Release|Any CPU.Build.0 = Release|Any CPU
	EndGlobalSection
	GlobalSection(SolutionProperties) = preSolution
		HideSolutionNode = FALSE
	EndGlobalSection
	GlobalSection(ExtensibilityGlobals) = postSolution
		SolutionGuid = {55BB5462-AFBE-429E-84B4-C842D05DCACE}
	EndGlobalSection
EndGlobal
